{
    "_readme": [
        "This file locks the dependencies of your project to a known state",
        "Read more about it at https://getcomposer.org/doc/01-basic-usage.md#composer-lock-the-lock-file",
        "This file is @generated automatically"
    ],
    "hash": "28cf0c1444c3ef38954d91501cc938e7",
    "content-hash": "2f91984d1df2a47056a4d38faeb59227",
    "packages": [
        {
            "name": "fullpipe/twig-webpack-extension",
            "version": "v2.0.1",
            "source": {
                "type": "git",
                "url": "https://github.com/fullpipe/twig-webpack-extension.git",
                "reference": "62751b8b6a0aed72b4ecfa005bd0aeaf96218681"
            },
            "dist": {
                "type": "zip",
                "url": "https://api.github.com/repos/fullpipe/twig-webpack-extension/zipball/62751b8b6a0aed72b4ecfa005bd0aeaf96218681",
                "reference": "62751b8b6a0aed72b4ecfa005bd0aeaf96218681",
                "shasum": ""
            },
            "require": {
                "twig/twig": "^1.20 || ^2.0"
            },
            "type": "library",
            "autoload": {
                "psr-4": {
                    "Fullpipe\\TwigWebpackExtension\\": "src/Fullpipe/TwigWebpackExtension/"
                }
            },
            "notification-url": "https://packagist.org/downloads/",
            "license": [
                "MIT"
            ],
            "authors": [
                {
                    "name": "Eugene Bravov",
                    "email": "eugene.bravov@gmail.com"
                }
            ],
            "description": "Inject your webpack entry points into twig templates with easy.",
            "keywords": [
                "extension",
                "twig",
                "webpack"
            ],
            "time": "2017-04-20 09:53:55"
        },
        {
            "name": "twig/twig",
            "version": "v1.33.2",
            "source": {
                "type": "git",
                "url": "https://github.com/twigphp/Twig.git",
                "reference": "dd6ca96227917e1e85b41c7c3cc6507b411e0927"
            },
            "dist": {
                "type": "zip",
                "url": "https://api.github.com/repos/twigphp/Twig/zipball/dd6ca96227917e1e85b41c7c3cc6507b411e0927",
                "reference": "dd6ca96227917e1e85b41c7c3cc6507b411e0927",
                "shasum": ""
            },
            "require": {
                "php": ">=5.2.7"
            },
            "require-dev": {
                "psr/container": "^1.0",
                "symfony/debug": "~2.7",
                "symfony/phpunit-bridge": "~3.3@dev"
            },
            "type": "library",
            "extra": {
                "branch-alias": {
                    "dev-master": "1.33-dev"
                }
            },
            "autoload": {
                "psr-0": {
                    "Twig_": "lib/"
                }
            },
            "notification-url": "https://packagist.org/downloads/",
            "license": [
                "BSD-3-Clause"
            ],
            "authors": [
                {
                    "name": "Fabien Potencier",
                    "email": "fabien@symfony.com",
                    "homepage": "http://fabien.potencier.org",
                    "role": "Lead Developer"
                },
                {
                    "name": "Armin Ronacher",
                    "email": "armin.ronacher@active-4.com",
                    "role": "Project Founder"
                },
                {
                    "name": "Twig Team",
                    "homepage": "http://twig.sensiolabs.org/contributors",
                    "role": "Contributors"
                }
            ],
            "description": "Twig, the flexible, fast, and secure template language for PHP",
            "homepage": "http://twig.sensiolabs.org",
            "keywords": [
                "templating"
            ],
            "time": "2017-04-20 17:39:48"
        }
    ],
    "packages-dev": [],
    "aliases": [],
    "minimum-stability": "stable",
    "stability-flags": [],
    "prefer-stable": false,
    "prefer-lowest": false,
    "platform": [],
    "platform-dev": []
}
